{
  "object": {
    "pins": [
      {
        "package": "AssociatedTypeRequirementsKit",
        "repositoryURL": "https://github.com/nerdsupremacist/AssociatedTypeRequirementsKit.git",
        "state": {
          "branch": "develop",
          "revision": "2e4c49c21ffb2135f1c99fbfcf2119c9d24f5e8c",
          "version": null
        }
      },
      {
        "package": "swift-nio",
        "repositoryURL": "https://github.com/apple/swift-nio.git",
        "state": {
          "branch": null,
          "revision": "d161bf658780b209c185994528e7e24376cf7283",
          "version": "2.29.0"
        }
      },
      {
        "package": "swift-nio-http2",
        "repositoryURL": "https://github.com/apple/swift-nio-http2.git",
        "state": {
          "branch": null,
          "revision": "e3e9024a632b40695ad5d3a85f9776a9b27a4bc6",
          "version": "1.17.0"
        }
      },
      {
        "package": "swift-nio-ssl",
        "repositoryURL": "https://github.com/apple/swift-nio-ssl.git",
        "state": {
          "branch": null,
          "revision": "6363cdf6d2fb863e82434f3c4618f4e896e37569",
          "version": "2.13.1"
        }
      }
    ]
  },
  "version": 1
}
